
Microsoft Visual Studio Solution File, Format Version 12.00
# Visual Studio Version 16
VisualStudioVersion = 16.0.31515.178
MinimumVisualStudioVersion = 10.0.40219.1
Project("{9A19103F-16F7-4668-BE54-9A1E7A4F7556}") = "AddressBook", "AddressBook.csproj", "{3B2F2DD1-BF2B-48A1-AB44-E1060F4A3128}"
EndProject
Global
	GlobalSection(SolutionConfigurationPlatforms) = preSolution
		Debug|Any CPU = Debug|Any CPU
		Release|Any CPU = Release|Any CPU
	EndGlobalSection
	GlobalSection(ProjectConfigurationPlatforms) = postSolution
		{3B2F2DD1-BF2B-48A1-AB44-E1060F4A3128}.Debug|Any CPU.ActiveCfg = Debug|Any CPU
		{3B2F2DD1-BF2B-48A1-AB44-E1060F4A3128}.Debug|Any CPU.Build.0 = Debug|Any CPU
		{3B2F2DD1-BF2B-48A1-AB44-E1060F4A3128}.Release|Any CPU.ActiveCfg = Release|Any CPU
		{3B2F2DD1-BF2B-48A1-AB44-E1060F4A3128}.Release|Any CPU.Build.0 = Release|Any CPU
	EndGlobalSection
	GlobalSection(SolutionProperties) = preSolution
		HideSolutionNode = FALSE
	EndGlobalSection
	GlobalSection(ExtensibilityGlobals) = postSolution
		SolutionGuid = {5AE37784-1A64-4578-89BD-A1BBB0246E76}
	EndGlobalSection
EndGlobal
